
Microsoft Visual Studio Solution File, Format Version 12.00
# Visual Studio 14
VisualStudioVersion = 14.0.25420.1
MinimumVisualStudioVersion = 10.0.40219.1
Project("{FAE04EC0-301F-11D3-BF4B-00C04F79EFBC}") = "AbstractFactory", "AbstractFactory\AbstractFactory.csproj", "{963E6287-4241-47D3-9ABE-73597C2A3933}"
EndProject
Project("{FAE04EC0-301F-11D3-BF4B-00C04F79EFBC}") = "Adapter", "Adapter\Adapter.csproj", "{44F74876-185A-4A65-81D7-475FA372AD19}"
EndProject
Project("{FAE04EC0-301F-11D3-BF4B-00C04F79EFBC}") = "Composite", "Composite\Composite.csproj", "{9027F786-5A3A-4728-A4BA-1828D9096A9C}"
EndProject
Project("{FAE04EC0-301F-11D3-BF4B-00C04F79EFBC}") = "Decorator", "Decorator\Decorator.csproj", "{83B24176-76C5-4184-B4E8-AB180225217C}"
EndProject
Project("{FAE04EC0-301F-11D3-BF4B-00C04F79EFBC}") = "FactoryMethod", "FactoryMethod\FactoryMethod.csproj", "{EFAE2C89-A3E5-4F41-AD54-637A8ECE010A}"
EndProject
Project("{FAE04EC0-301F-11D3-BF4B-00C04F79EFBC}") = "Observer", "Observer\Observer.csproj", "{98D6A996-DD15-4172-BE52-A1B956CE6105}"
EndProject
Project("{FAE04EC0-301F-11D3-BF4B-00C04F79EFBC}") = "Strategy", "Strategy\Strategy.csproj", "{1D6966BA-E95D-4DA1-8613-75CF6C88A4F4}"
EndProject
Project("{FAE04EC0-301F-11D3-BF4B-00C04F79EFBC}") = "TemplateMethod", "TemplateMethod\TemplateMethod.csproj", "{BB3B2B98-DCCE-4A32-8B8E-522E06FAC672}"
EndProject
Project("{FAE04EC0-301F-11D3-BF4B-00C04F79EFBC}") = "ChainOfResponsibility", "ChainOfResponsibility\ChainOfResponsibility.csproj", "{416D31EB-CB45-441A-A70C-8F46494F170A}"
EndProject
Project("{FAE04EC0-301F-11D3-BF4B-00C04F79EFBC}") = "Builder", "Builder\Builder.csproj", "{6EEEC567-37EE-4F20-BD67-852D4303BA12}"
EndProject
Project("{FAE04EC0-301F-11D3-BF4B-00C04F79EFBC}") = "Prototype", "Prototype\Prototype.csproj", "{8789FE8E-1AD4-4D23-99CB-81D0916D8CA3}"
EndProject
Global
	GlobalSection(SolutionConfigurationPlatforms) = preSolution
		Debug|Any CPU = Debug|Any CPU
		Release|Any CPU = Release|Any CPU
	EndGlobalSection
	GlobalSection(ProjectConfigurationPlatforms) = postSolution
		{963E6287-4241-47D3-9ABE-73597C2A3933}.Debug|Any CPU.ActiveCfg = Debug|Any CPU
		{963E6287-4241-47D3-9ABE-73597C2A3933}.Debug|Any CPU.Build.0 = Debug|Any CPU
		{963E6287-4241-47D3-9ABE-73597C2A3933}.Release|Any CPU.ActiveCfg = Release|Any CPU
		{963E6287-4241-47D3-9ABE-73597C2A3933}.Release|Any CPU.Build.0 = Release|Any CPU
		{44F74876-185A-4A65-81D7-475FA372AD19}.Debug|Any CPU.ActiveCfg = Debug|Any CPU
		{44F74876-185A-4A65-81D7-475FA372AD19}.Debug|Any CPU.Build.0 = Debug|Any CPU
		{44F74876-185A-4A65-81D7-475FA372AD19}.Release|Any CPU.ActiveCfg = Release|Any CPU
		{44F74876-185A-4A65-81D7-475FA372AD19}.Release|Any CPU.Build.0 = Release|Any CPU
		{9027F786-5A3A-4728-A4BA-1828D9096A9C}.Debug|Any CPU.ActiveCfg = Debug|Any CPU
		{9027F786-5A3A-4728-A4BA-1828D9096A9C}.Debug|Any CPU.Build.0 = Debug|Any CPU
		{9027F786-5A3A-4728-A4BA-1828D9096A9C}.Release|Any CPU.ActiveCfg = Release|Any CPU
		{9027F786-5A3A-4728-A4BA-1828D9096A9C}.Release|Any CPU.Build.0 = Release|Any CPU
		{83B24176-76C5-4184-B4E8-AB180225217C}.Debug|Any CPU.ActiveCfg = Debug|Any CPU
		{83B24176-76C5-4184-B4E8-AB180225217C}.Debug|Any CPU.Build.0 = Debug|Any CPU
		{83B24176-76C5-4184-B4E8-AB180225217C}.Release|Any CPU.ActiveCfg = Release|Any CPU
		{83B24176-76C5-4184-B4E8-AB180225217C}.Release|Any CPU.Build.0 = Release|Any CPU
		{EFAE2C89-A3E5-4F41-AD54-637A8ECE010A}.Debug|Any CPU.ActiveCfg = Debug|Any CPU
		{EFAE2C89-A3E5-4F41-AD54-637A8ECE010A}.Debug|Any CPU.Build.0 = Debug|Any CPU
		{EFAE2C89-A3E5-4F41-AD54-637A8ECE010A}.Release|Any CPU.ActiveCfg = Release|Any CPU
		{EFAE2C89-A3E5-4F41-AD54-637A8ECE010A}.Release|Any CPU.Build.0 = Release|Any CPU
		{98D6A996-DD15-4172-BE52-A1B956CE6105}.Debug|Any CPU.ActiveCfg = Debug|Any CPU
		{98D6A996-DD15-4172-BE52-A1B956CE6105}.Debug|Any CPU.Build.0 = Debug|Any CPU
		{98D6A996-DD15-4172-BE52-A1B956CE6105}.Release|Any CPU.ActiveCfg = Release|Any CPU
		{98D6A996-DD15-4172-BE52-A1B956CE6105}.Release|Any CPU.Build.0 = Release|Any CPU
		{1D6966BA-E95D-4DA1-8613-75CF6C88A4F4}.Debug|Any CPU.ActiveCfg = Debug|Any CPU
		{1D6966BA-E95D-4DA1-8613-75CF6C88A4F4}.Debug|Any CPU.Build.0 = Debug|Any CPU
		{1D6966BA-E95D-4DA1-8613-75CF6C88A4F4}.Release|Any CPU.ActiveCfg = Release|Any CPU
		{1D6966BA-E95D-4DA1-8613-75CF6C88A4F4}.Release|Any CPU.Build.0 = Release|Any CPU
		{BB3B2B98-DCCE-4A32-8B8E-522E06FAC672}.Debug|Any CPU.ActiveCfg = Debug|Any CPU
		{BB3B2B98-DCCE-4A32-8B8E-522E06FAC672}.Debug|Any CPU.Build.0 = Debug|Any CPU
		{BB3B2B98-DCCE-4A32-8B8E-522E06FAC672}.Release|Any CPU.ActiveCfg = Release|Any CPU
		{BB3B2B98-DCCE-4A32-8B8E-522E06FAC672}.Release|Any CPU.Build.0 = Release|Any CPU
		{416D31EB-CB45-441A-A70C-8F46494F170A}.Debug|Any CPU.ActiveCfg = Debug|Any CPU
		{416D31EB-CB45-441A-A70C-8F46494F170A}.Debug|Any CPU.Build.0 = Debug|Any CPU
		{416D31EB-CB45-441A-A70C-8F46494F170A}.Release|Any CPU.ActiveCfg = Release|Any CPU
		{416D31EB-CB45-441A-A70C-8F46494F170A}.Release|Any CPU.Build.0 = Release|Any CPU
		{6EEEC567-37EE-4F20-BD67-852D4303BA12}.Debug|Any CPU.ActiveCfg = Debug|Any CPU
		{6EEEC567-37EE-4F20-BD67-852D4303BA12}.Debug|Any CPU.Build.0 = Debug|Any CPU
		{6EEEC567-37EE-4F20-BD67-852D4303BA12}.Release|Any CPU.ActiveCfg = Release|Any CPU
		{6EEEC567-37EE-4F20-BD67-852D4303BA12}.Release|Any CPU.Build.0 = Release|Any CPU
		{8789FE8E-1AD4-4D23-99CB-81D0916D8CA3}.Debug|Any CPU.ActiveCfg = Debug|Any CPU
		{8789FE8E-1AD4-4D23-99CB-81D0916D8CA3}.Debug|Any CPU.Build.0 = Debug|Any CPU
		{8789FE8E-1AD4-4D23-99CB-81D0916D8CA3}.Release|Any CPU.ActiveCfg = Release|Any CPU
		{8789FE8E-1AD4-4D23-99CB-81D0916D8CA3}.Release|Any CPU.Build.0 = Release|Any CPU
	EndGlobalSection
	GlobalSection(SolutionProperties) = preSolution
		HideSolutionNode = FALSE
	EndGlobalSection
EndGlobal
